<?xml version="1.0" encoding="UTF-8" standalone="yes" ?>
<CodeBlocks_project_file>
	<FileVersion major="1" minor="6" />
	<Project>
		<Option title="HPFS" />
		<Option pch_mode="2" />
		<Option compiler="gcc" />
		<Build>
			<Target title="Debug">
				<Option output="./HPFS" prefix_auto="1" extension_auto="1" />
				<Option object_output="obj/Debug/" />
				<Option type="1" />
				<Option compiler="gcc" />
				<Compiler>
					<Add option="-g" />
				</Compiler>
			</Target>
			<Target title="Release">
				<Option output="./HPFS" prefix_auto="1" extension_auto="1" />
				<Option object_output="obj/Release/" />
				<Option type="1" />
				<Option compiler="gcc" />
				<Compiler>
					<Add option="-O2" />
				</Compiler>
				<Linker>
					<Add option="-s" />
				</Linker>
			</Target>
		</Build>
		<Compiler>
			<Add option="-Wall" />
			<Add directory="include" />
		</Compiler>
		<Unit filename="include/CSVRow.hpp" />
		<Unit filename="include/Crop.hpp" />
		<Unit filename="include/CropExtra.hpp" />
		<Unit filename="include/CropsData.hpp" />
		<Unit filename="include/Cultivation.hpp" />
		<Unit filename="include/Rack.hpp" />
		<Unit filename="include/RackData.hpp" />
		<Unit filename="include/RackScheduler.hpp" />
		<Unit filename="include/RackSchedulerDP.hpp" />
		<Unit filename="include/RackSchedulerDPMultipleHarvest.hpp" />
		<Unit filename="src/main.cpp" />
		<Extensions />
	</Project>
</CodeBlocks_project_file>
